dependencies:
- name: postgresql
  repository: https://charts.bitnami.com/bitnami
  version: 13.1.5
- name: common
  repository: https://charts.bitnami.com/bitnami
  version: 2.14.1
digest: sha256:9001835b44596c58f3e3ddbdf780ebcc4c9267c0c03499ce7842d0d150fb1907
generated: "2024-01-24T14:28:42.5227176+01:00"
